Microsoft Visual Studio Solution File, Format Version 12.00
# Visual Studio 14
Project("{8BC9CEB8-8B4A-11D0-8D11-00A0C91BC942}") = "ALL_BUILD", "ALL_BUILD.vcxproj", "{3E455FF8-C7DD-3D0B-9477-5A1E23CE1AD0}"
	ProjectSection(ProjectDependencies) = postProject
		{9BB87B8D-AB80-3867-938C-F1CA3F3DFD41} = {9BB87B8D-AB80-3867-938C-F1CA3F3DFD41}
		{2DEE91D7-4F58-379D-974E-76E4531FD53F} = {2DEE91D7-4F58-379D-974E-76E4531FD53F}
		{301077B6-6CDF-3571-A75C-2E54A24100D4} = {301077B6-6CDF-3571-A75C-2E54A24100D4}
		{DFD07A20-D502-3566-BE67-B449EFD031E4} = {DFD07A20-D502-3566-BE67-B449EFD031E4}
		{AB949418-635C-3540-9DC8-A641E0F692AC} = {AB949418-635C-3540-9DC8-A641E0F692AC}
		{3155DA32-B1B4-361F-BC48-0C72851FBD45} = {3155DA32-B1B4-361F-BC48-0C72851FBD45}
		{832FB0D9-4954-33CA-81D4-325CAA0917F8} = {832FB0D9-4954-33CA-81D4-325CAA0917F8}
		{60757A89-A1A3-3C79-8578-D6E4C80A0435} = {60757A89-A1A3-3C79-8578-D6E4C80A0435}
		{9CFBB81C-4D8F-36E6-9D20-CEE626B97359} = {9CFBB81C-4D8F-36E6-9D20-CEE626B97359}
		{2E8C3D5A-0F34-320C-8415-270D0CFA645B} = {2E8C3D5A-0F34-320C-8415-270D0CFA645B}
		{F3760DEB-B963-3DCF-8532-97816E4B6226} = {F3760DEB-B963-3DCF-8532-97816E4B6226}
		{74E7BE13-707D-3771-8AD5-12EA05336ED7} = {74E7BE13-707D-3771-8AD5-12EA05336ED7}
		{9143544C-5B72-35A2-8063-AC649203F7CF} = {9143544C-5B72-35A2-8063-AC649203F7CF}
		{103ABFA8-0408-390F-AFF4-5779133C7CF9} = {103ABFA8-0408-390F-AFF4-5779133C7CF9}
		{4A32884B-4B16-3064-9804-79E7E78E0D34} = {4A32884B-4B16-3064-9804-79E7E78E0D34}
		{BA38A8B0-C7BA-38E4-9571-052F85CC90B4} = {BA38A8B0-C7BA-38E4-9571-052F85CC90B4}
		{8B86A554-484A-311F-A244-B1300345F7FE} = {8B86A554-484A-311F-A244-B1300345F7FE}
		{F19467E3-38CC-31B3-8F88-21E2BE8F98FD} = {F19467E3-38CC-31B3-8F88-21E2BE8F98FD}
		{4E58FB62-9960-3290-A524-6143AFFC3D13} = {4E58FB62-9960-3290-A524-6143AFFC3D13}
		{B32E5A71-C1C6-3EA9-BC3E-1E3010042CFD} = {B32E5A71-C1C6-3EA9-BC3E-1E3010042CFD}
		{E3C4E6C5-E329-39CD-8390-98CD022DF103} = {E3C4E6C5-E329-39CD-8390-98CD022DF103}
		{08A65A79-ACEB-3A1A-9DB5-1741F6D0EFAC} = {08A65A79-ACEB-3A1A-9DB5-1741F6D0EFAC}
		{DC2748D4-3DF0-35C4-A920-37839E050E8D} = {DC2748D4-3DF0-35C4-A920-37839E050E8D}
		{9CEE5F54-F29C-32D2-9731-B4F90C944A35} = {9CEE5F54-F29C-32D2-9731-B4F90C944A35}
		{6969A406-F756-3F35-B61B-6EBBF25E2F20} = {6969A406-F756-3F35-B61B-6EBBF25E2F20}
		{CCBD7EE0-D4A3-33FD-A4DD-205C42857FE8} = {CCBD7EE0-D4A3-33FD-A4DD-205C42857FE8}
		{B29AFBE0-12B0-3E29-A3E7-2F78D0502F20} = {B29AFBE0-12B0-3E29-A3E7-2F78D0502F20}
		{3C9C9377-9EB2-32F3-9A44-2CFBE325A1B3} = {3C9C9377-9EB2-32F3-9A44-2CFBE325A1B3}
		{85812DD4-0C29-3F90-9406-E6CC481B80FC} = {85812DD4-0C29-3F90-9406-E6CC481B80FC}
		{C6271C8B-BF06-3932-A58A-7574B6A0ED1D} = {C6271C8B-BF06-3932-A58A-7574B6A0ED1D}
		{C9E6CA36-C417-3D5A-B8E8-6609E99A1CB5} = {C9E6CA36-C417-3D5A-B8E8-6609E99A1CB5}
	EndProjectSection
EndProject
Project("{8BC9CEB8-8B4A-11D0-8D11-00A0C91BC942}") = "CImg_demo", "CImg_demo.vcxproj", "{9BB87B8D-AB80-3867-938C-F1CA3F3DFD41}"
	ProjectSection(ProjectDependencies) = postProject
		{2DEE91D7-4F58-379D-974E-76E4531FD53F} = {2DEE91D7-4F58-379D-974E-76E4531FD53F}
	EndProjectSection
EndProject
Project("{8BC9CEB8-8B4A-11D0-8D11-00A0C91BC942}") = "ZERO_CHECK", "ZERO_CHECK.vcxproj", "{2DEE91D7-4F58-379D-974E-76E4531FD53F}"
	ProjectSection(ProjectDependencies) = postProject
	EndProjectSection
EndProject
Project("{8BC9CEB8-8B4A-11D0-8D11-00A0C91BC942}") = "captcha", "captcha.vcxproj", "{301077B6-6CDF-3571-A75C-2E54A24100D4}"
	ProjectSection(ProjectDependencies) = postProject
		{2DEE91D7-4F58-379D-974E-76E4531FD53F} = {2DEE91D7-4F58-379D-974E-76E4531FD53F}
	EndProjectSection
EndProject
Project("{8BC9CEB8-8B4A-11D0-8D11-00A0C91BC942}") = "curve_editor2d", "curve_editor2d.vcxproj", "{DFD07A20-D502-3566-BE67-B449EFD031E4}"
	ProjectSection(ProjectDependencies) = postProject
		{2DEE91D7-4F58-379D-974E-76E4531FD53F} = {2DEE91D7-4F58-379D-974E-76E4531FD53F}
	EndProjectSection
EndProject
Project("{8BC9CEB8-8B4A-11D0-8D11-00A0C91BC942}") = "dtmri_view3d", "dtmri_view3d.vcxproj", "{AB949418-635C-3540-9DC8-A641E0F692AC}"
	ProjectSection(ProjectDependencies) = postProject
		{2DEE91D7-4F58-379D-974E-76E4531FD53F} = {2DEE91D7-4F58-379D-974E-76E4531FD53F}
	EndProjectSection
EndProject
Project("{8BC9CEB8-8B4A-11D0-8D11-00A0C91BC942}") = "edge_explorer2d", "edge_explorer2d.vcxproj", "{3155DA32-B1B4-361F-BC48-0C72851FBD45}"
	ProjectSection(ProjectDependencies) = postProject
		{2DEE91D7-4F58-379D-974E-76E4531FD53F} = {2DEE91D7-4F58-379D-974E-76E4531FD53F}
	EndProjectSection
EndProject
Project("{8BC9CEB8-8B4A-11D0-8D11-00A0C91BC942}") = "fade_images", "fade_images.vcxproj", "{832FB0D9-4954-33CA-81D4-325CAA0917F8}"
	ProjectSection(ProjectDependencies) = postProject
		{2DEE91D7-4F58-379D-974E-76E4531FD53F} = {2DEE91D7-4F58-379D-974E-76E4531FD53F}
	EndProjectSection
EndProject
Project("{8BC9CEB8-8B4A-11D0-8D11-00A0C91BC942}") = "gaussian_fit1d", "gaussian_fit1d.vcxproj", "{60757A89-A1A3-3C79-8578-D6E4C80A0435}"
	ProjectSection(ProjectDependencies) = postProject
		{2DEE91D7-4F58-379D-974E-76E4531FD53F} = {2DEE91D7-4F58-379D-974E-76E4531FD53F}
	EndProjectSection
EndProject
Project("{8BC9CEB8-8B4A-11D0-8D11-00A0C91BC942}") = "generate_loop_macros", "generate_loop_macros.vcxproj", "{9CFBB81C-4D8F-36E6-9D20-CEE626B97359}"
	ProjectSection(ProjectDependencies) = postProject
		{2DEE91D7-4F58-379D-974E-76E4531FD53F} = {2DEE91D7-4F58-379D-974E-76E4531FD53F}
	EndProjectSection
EndProject
Project("{8BC9CEB8-8B4A-11D0-8D11-00A0C91BC942}") = "hough_transform2d", "hough_transform2d.vcxproj", "{2E8C3D5A-0F34-320C-8415-270D0CFA645B}"
	ProjectSection(ProjectDependencies) = postProject
		{2DEE91D7-4F58-379D-974E-76E4531FD53F} = {2DEE91D7-4F58-379D-974E-76E4531FD53F}
	EndProjectSection
EndProject
Project("{8BC9CEB8-8B4A-11D0-8D11-00A0C91BC942}") = "image2ascii", "image2ascii.vcxproj", "{F3760DEB-B963-3DCF-8532-97816E4B6226}"
	ProjectSection(ProjectDependencies) = postProject
		{2DEE91D7-4F58-379D-974E-76E4531FD53F} = {2DEE91D7-4F58-379D-974E-76E4531FD53F}
	EndProjectSection
EndProject
Project("{8BC9CEB8-8B4A-11D0-8D11-00A0C91BC942}") = "image_registration2d", "image_registration2d.vcxproj", "{74E7BE13-707D-3771-8AD5-12EA05336ED7}"
	ProjectSection(ProjectDependencies) = postProject
		{2DEE91D7-4F58-379D-974E-76E4531FD53F} = {2DEE91D7-4F58-379D-974E-76E4531FD53F}
	EndProjectSection
EndProject
Project("{8BC9CEB8-8B4A-11D0-8D11-00A0C91BC942}") = "image_surface3d", "image_surface3d.vcxproj", "{9143544C-5B72-35A2-8063-AC649203F7CF}"
	ProjectSection(ProjectDependencies) = postProject
		{2DEE91D7-4F58-379D-974E-76E4531FD53F} = {2DEE91D7-4F58-379D-974E-76E4531FD53F}
	EndProjectSection
EndProject
Project("{8BC9CEB8-8B4A-11D0-8D11-00A0C91BC942}") = "jawbreaker", "jawbreaker.vcxproj", "{103ABFA8-0408-390F-AFF4-5779133C7CF9}"
	ProjectSection(ProjectDependencies) = postProject
		{2DEE91D7-4F58-379D-974E-76E4531FD53F} = {2DEE91D7-4F58-379D-974E-76E4531FD53F}
	EndProjectSection
EndProject
Project("{8BC9CEB8-8B4A-11D0-8D11-00A0C91BC942}") = "mcf_levelsets2d", "mcf_levelsets2d.vcxproj", "{4A32884B-4B16-3064-9804-79E7E78E0D34}"
	ProjectSection(ProjectDependencies) = postProject
		{2DEE91D7-4F58-379D-974E-76E4531FD53F} = {2DEE91D7-4F58-379D-974E-76E4531FD53F}
	EndProjectSection
EndProject
Project("{8BC9CEB8-8B4A-11D0-8D11-00A0C91BC942}") = "mcf_levelsets3d", "mcf_levelsets3d.vcxproj", "{BA38A8B0-C7BA-38E4-9571-052F85CC90B4}"
	ProjectSection(ProjectDependencies) = postProject
		{2DEE91D7-4F58-379D-974E-76E4531FD53F} = {2DEE91D7-4F58-379D-974E-76E4531FD53F}
	EndProjectSection
EndProject
Project("{8BC9CEB8-8B4A-11D0-8D11-00A0C91BC942}") = "odykill", "odykill.vcxproj", "{8B86A554-484A-311F-A244-B1300345F7FE}"
	ProjectSection(ProjectDependencies) = postProject
		{2DEE91D7-4F58-379D-974E-76E4531FD53F} = {2DEE91D7-4F58-379D-974E-76E4531FD53F}
	EndProjectSection
EndProject
Project("{8BC9CEB8-8B4A-11D0-8D11-00A0C91BC942}") = "pde_TschumperleDeriche2d", "pde_TschumperleDeriche2d.vcxproj", "{F19467E3-38CC-31B3-8F88-21E2BE8F98FD}"
	ProjectSection(ProjectDependencies) = postProject
		{2DEE91D7-4F58-379D-974E-76E4531FD53F} = {2DEE91D7-4F58-379D-974E-76E4531FD53F}
	EndProjectSection
EndProject
Project("{8BC9CEB8-8B4A-11D0-8D11-00A0C91BC942}") = "pde_heatflow2d", "pde_heatflow2d.vcxproj", "{4E58FB62-9960-3290-A524-6143AFFC3D13}"
	ProjectSection(ProjectDependencies) = postProject
		{2DEE91D7-4F58-379D-974E-76E4531FD53F} = {2DEE91D7-4F58-379D-974E-76E4531FD53F}
	EndProjectSection
EndProject
Project("{8BC9CEB8-8B4A-11D0-8D11-00A0C91BC942}") = "plotter1d", "plotter1d.vcxproj", "{B32E5A71-C1C6-3EA9-BC3E-1E3010042CFD}"
	ProjectSection(ProjectDependencies) = postProject
		{2DEE91D7-4F58-379D-974E-76E4531FD53F} = {2DEE91D7-4F58-379D-974E-76E4531FD53F}
	EndProjectSection
EndProject
Project("{8BC9CEB8-8B4A-11D0-8D11-00A0C91BC942}") = "radon_transform2d", "radon_transform2d.vcxproj", "{E3C4E6C5-E329-39CD-8390-98CD022DF103}"
	ProjectSection(ProjectDependencies) = postProject
		{2DEE91D7-4F58-379D-974E-76E4531FD53F} = {2DEE91D7-4F58-379D-974E-76E4531FD53F}
	EndProjectSection
EndProject
Project("{8BC9CEB8-8B4A-11D0-8D11-00A0C91BC942}") = "scene3d", "scene3d.vcxproj", "{08A65A79-ACEB-3A1A-9DB5-1741F6D0EFAC}"
	ProjectSection(ProjectDependencies) = postProject
		{2DEE91D7-4F58-379D-974E-76E4531FD53F} = {2DEE91D7-4F58-379D-974E-76E4531FD53F}
	EndProjectSection
EndProject
Project("{8BC9CEB8-8B4A-11D0-8D11-00A0C91BC942}") = "spherical_function3d", "spherical_function3d.vcxproj", "{DC2748D4-3DF0-35C4-A920-37839E050E8D}"
	ProjectSection(ProjectDependencies) = postProject
		{2DEE91D7-4F58-379D-974E-76E4531FD53F} = {2DEE91D7-4F58-379D-974E-76E4531FD53F}
	EndProjectSection
EndProject
Project("{8BC9CEB8-8B4A-11D0-8D11-00A0C91BC942}") = "tetris", "tetris.vcxproj", "{9CEE5F54-F29C-32D2-9731-B4F90C944A35}"
	ProjectSection(ProjectDependencies) = postProject
		{2DEE91D7-4F58-379D-974E-76E4531FD53F} = {2DEE91D7-4F58-379D-974E-76E4531FD53F}
	EndProjectSection
EndProject
Project("{8BC9CEB8-8B4A-11D0-8D11-00A0C91BC942}") = "tron", "tron.vcxproj", "{6969A406-F756-3F35-B61B-6EBBF25E2F20}"
	ProjectSection(ProjectDependencies) = postProject
		{2DEE91D7-4F58-379D-974E-76E4531FD53F} = {2DEE91D7-4F58-379D-974E-76E4531FD53F}
	EndProjectSection
EndProject
Project("{8BC9CEB8-8B4A-11D0-8D11-00A0C91BC942}") = "tutorial", "tutorial.vcxproj", "{CCBD7EE0-D4A3-33FD-A4DD-205C42857FE8}"
	ProjectSection(ProjectDependencies) = postProject
		{2DEE91D7-4F58-379D-974E-76E4531FD53F} = {2DEE91D7-4F58-379D-974E-76E4531FD53F}
	EndProjectSection
EndProject
Project("{8BC9CEB8-8B4A-11D0-8D11-00A0C91BC942}") = "use_RGBclass", "use_RGBclass.vcxproj", "{B29AFBE0-12B0-3E29-A3E7-2F78D0502F20}"
	ProjectSection(ProjectDependencies) = postProject
		{2DEE91D7-4F58-379D-974E-76E4531FD53F} = {2DEE91D7-4F58-379D-974E-76E4531FD53F}
	EndProjectSection
EndProject
Project("{8BC9CEB8-8B4A-11D0-8D11-00A0C91BC942}") = "use_draw_gradient", "use_draw_gradient.vcxproj", "{3C9C9377-9EB2-32F3-9A44-2CFBE325A1B3}"
	ProjectSection(ProjectDependencies) = postProject
		{2DEE91D7-4F58-379D-974E-76E4531FD53F} = {2DEE91D7-4F58-379D-974E-76E4531FD53F}
	EndProjectSection
EndProject
Project("{8BC9CEB8-8B4A-11D0-8D11-00A0C91BC942}") = "use_nlmeans", "use_nlmeans.vcxproj", "{85812DD4-0C29-3F90-9406-E6CC481B80FC}"
	ProjectSection(ProjectDependencies) = postProject
		{2DEE91D7-4F58-379D-974E-76E4531FD53F} = {2DEE91D7-4F58-379D-974E-76E4531FD53F}
	EndProjectSection
EndProject
Project("{8BC9CEB8-8B4A-11D0-8D11-00A0C91BC942}") = "use_skeleton", "use_skeleton.vcxproj", "{C6271C8B-BF06-3932-A58A-7574B6A0ED1D}"
	ProjectSection(ProjectDependencies) = postProject
		{2DEE91D7-4F58-379D-974E-76E4531FD53F} = {2DEE91D7-4F58-379D-974E-76E4531FD53F}
	EndProjectSection
EndProject
Project("{8BC9CEB8-8B4A-11D0-8D11-00A0C91BC942}") = "wavelet_atrous", "wavelet_atrous.vcxproj", "{C9E6CA36-C417-3D5A-B8E8-6609E99A1CB5}"
	ProjectSection(ProjectDependencies) = postProject
		{2DEE91D7-4F58-379D-974E-76E4531FD53F} = {2DEE91D7-4F58-379D-974E-76E4531FD53F}
	EndProjectSection
EndProject
Global
	GlobalSection(SolutionConfigurationPlatforms) = preSolution
		Debug|x64 = Debug|x64
		Release|x64 = Release|x64
		MinSizeRel|x64 = MinSizeRel|x64
		RelWithDebInfo|x64 = RelWithDebInfo|x64
	EndGlobalSection
	GlobalSection(ProjectConfigurationPlatforms) = postSolution
		{3E455FF8-C7DD-3D0B-9477-5A1E23CE1AD0}.Debug|x64.ActiveCfg = Debug|x64
		{3E455FF8-C7DD-3D0B-9477-5A1E23CE1AD0}.Release|x64.ActiveCfg = Release|x64
		{3E455FF8-C7DD-3D0B-9477-5A1E23CE1AD0}.MinSizeRel|x64.ActiveCfg = MinSizeRel|x64
		{3E455FF8-C7DD-3D0B-9477-5A1E23CE1AD0}.RelWithDebInfo|x64.ActiveCfg = RelWithDebInfo|x64
		{9BB87B8D-AB80-3867-938C-F1CA3F3DFD41}.Debug|x64.ActiveCfg = Debug|x64
		{9BB87B8D-AB80-3867-938C-F1CA3F3DFD41}.Debug|x64.Build.0 = Debug|x64
		{9BB87B8D-AB80-3867-938C-F1CA3F3DFD41}.Release|x64.ActiveCfg = Release|x64
		{9BB87B8D-AB80-3867-938C-F1CA3F3DFD41}.Release|x64.Build.0 = Release|x64
		{9BB87B8D-AB80-3867-938C-F1CA3F3DFD41}.MinSizeRel|x64.ActiveCfg = MinSizeRel|x64
		{9BB87B8D-AB80-3867-938C-F1CA3F3DFD41}.MinSizeRel|x64.Build.0 = MinSizeRel|x64
		{9BB87B8D-AB80-3867-938C-F1CA3F3DFD41}.RelWithDebInfo|x64.ActiveCfg = RelWithDebInfo|x64
		{9BB87B8D-AB80-3867-938C-F1CA3F3DFD41}.RelWithDebInfo|x64.Build.0 = RelWithDebInfo|x64
		{2DEE91D7-4F58-379D-974E-76E4531FD53F}.Debug|x64.ActiveCfg = Debug|x64
		{2DEE91D7-4F58-379D-974E-76E4531FD53F}.Debug|x64.Build.0 = Debug|x64
		{2DEE91D7-4F58-379D-974E-76E4531FD53F}.Release|x64.ActiveCfg = Release|x64
		{2DEE91D7-4F58-379D-974E-76E4531FD53F}.Release|x64.Build.0 = Release|x64
		{2DEE91D7-4F58-379D-974E-76E4531FD53F}.MinSizeRel|x64.ActiveCfg = MinSizeRel|x64
		{2DEE91D7-4F58-379D-974E-76E4531FD53F}.MinSizeRel|x64.Build.0 = MinSizeRel|x64
		{2DEE91D7-4F58-379D-974E-76E4531FD53F}.RelWithDebInfo|x64.ActiveCfg = RelWithDebInfo|x64
		{2DEE91D7-4F58-379D-974E-76E4531FD53F}.RelWithDebInfo|x64.Build.0 = RelWithDebInfo|x64
		{301077B6-6CDF-3571-A75C-2E54A24100D4}.Debug|x64.ActiveCfg = Debug|x64
		{301077B6-6CDF-3571-A75C-2E54A24100D4}.Debug|x64.Build.0 = Debug|x64
		{301077B6-6CDF-3571-A75C-2E54A24100D4}.Release|x64.ActiveCfg = Release|x64
		{301077B6-6CDF-3571-A75C-2E54A24100D4}.Release|x64.Build.0 = Release|x64
		{301077B6-6CDF-3571-A75C-2E54A24100D4}.MinSizeRel|x64.ActiveCfg = MinSizeRel|x64
		{301077B6-6CDF-3571-A75C-2E54A24100D4}.MinSizeRel|x64.Build.0 = MinSizeRel|x64
		{301077B6-6CDF-3571-A75C-2E54A24100D4}.RelWithDebInfo|x64.ActiveCfg = RelWithDebInfo|x64
		{301077B6-6CDF-3571-A75C-2E54A24100D4}.RelWithDebInfo|x64.Build.0 = RelWithDebInfo|x64
		{DFD07A20-D502-3566-BE67-B449EFD031E4}.Debug|x64.ActiveCfg = Debug|x64
		{DFD07A20-D502-3566-BE67-B449EFD031E4}.Debug|x64.Build.0 = Debug|x64
		{DFD07A20-D502-3566-BE67-B449EFD031E4}.Release|x64.ActiveCfg = Release|x64
		{DFD07A20-D502-3566-BE67-B449EFD031E4}.Release|x64.Build.0 = Release|x64
		{DFD07A20-D502-3566-BE67-B449EFD031E4}.MinSizeRel|x64.ActiveCfg = MinSizeRel|x64
		{DFD07A20-D502-3566-BE67-B449EFD031E4}.MinSizeRel|x64.Build.0 = MinSizeRel|x64
		{DFD07A20-D502-3566-BE67-B449EFD031E4}.RelWithDebInfo|x64.ActiveCfg = RelWithDebInfo|x64
		{DFD07A20-D502-3566-BE67-B449EFD031E4}.RelWithDebInfo|x64.Build.0 = RelWithDebInfo|x64
		{AB949418-635C-3540-9DC8-A641E0F692AC}.Debug|x64.ActiveCfg = Debug|x64
		{AB949418-635C-3540-9DC8-A641E0F692AC}.Debug|x64.Build.0 = Debug|x64
		{AB949418-635C-3540-9DC8-A641E0F692AC}.Release|x64.ActiveCfg = Release|x64
		{AB949418-635C-3540-9DC8-A641E0F692AC}.Release|x64.Build.0 = Release|x64
		{AB949418-635C-3540-9DC8-A641E0F692AC}.MinSizeRel|x64.ActiveCfg = MinSizeRel|x64
		{AB949418-635C-3540-9DC8-A641E0F692AC}.MinSizeRel|x64.Build.0 = MinSizeRel|x64
		{AB949418-635C-3540-9DC8-A641E0F692AC}.RelWithDebInfo|x64.ActiveCfg = RelWithDebInfo|x64
		{AB949418-635C-3540-9DC8-A641E0F692AC}.RelWithDebInfo|x64.Build.0 = RelWithDebInfo|x64
		{3155DA32-B1B4-361F-BC48-0C72851FBD45}.Debug|x64.ActiveCfg = Debug|x64
		{3155DA32-B1B4-361F-BC48-0C72851FBD45}.Debug|x64.Build.0 = Debug|x64
		{3155DA32-B1B4-361F-BC48-0C72851FBD45}.Release|x64.ActiveCfg = Release|x64
		{3155DA32-B1B4-361F-BC48-0C72851FBD45}.Release|x64.Build.0 = Release|x64
		{3155DA32-B1B4-361F-BC48-0C72851FBD45}.MinSizeRel|x64.ActiveCfg = MinSizeRel|x64
		{3155DA32-B1B4-361F-BC48-0C72851FBD45}.MinSizeRel|x64.Build.0 = MinSizeRel|x64
		{3155DA32-B1B4-361F-BC48-0C72851FBD45}.RelWithDebInfo|x64.ActiveCfg = RelWithDebInfo|x64
		{3155DA32-B1B4-361F-BC48-0C72851FBD45}.RelWithDebInfo|x64.Build.0 = RelWithDebInfo|x64
		{832FB0D9-4954-33CA-81D4-325CAA0917F8}.Debug|x64.ActiveCfg = Debug|x64
		{832FB0D9-4954-33CA-81D4-325CAA0917F8}.Debug|x64.Build.0 = Debug|x64
		{832FB0D9-4954-33CA-81D4-325CAA0917F8}.Release|x64.ActiveCfg = Release|x64
		{832FB0D9-4954-33CA-81D4-325CAA0917F8}.Release|x64.Build.0 = Release|x64
		{832FB0D9-4954-33CA-81D4-325CAA0917F8}.MinSizeRel|x64.ActiveCfg = MinSizeRel|x64
		{832FB0D9-4954-33CA-81D4-325CAA0917F8}.MinSizeRel|x64.Build.0 = MinSizeRel|x64
		{832FB0D9-4954-33CA-81D4-325CAA0917F8}.RelWithDebInfo|x64.ActiveCfg = RelWithDebInfo|x64
		{832FB0D9-4954-33CA-81D4-325CAA0917F8}.RelWithDebInfo|x64.Build.0 = RelWithDebInfo|x64
		{60757A89-A1A3-3C79-8578-D6E4C80A0435}.Debug|x64.ActiveCfg = Debug|x64
		{60757A89-A1A3-3C79-8578-D6E4C80A0435}.Debug|x64.Build.0 = Debug|x64
		{60757A89-A1A3-3C79-8578-D6E4C80A0435}.Release|x64.ActiveCfg = Release|x64
		{60757A89-A1A3-3C79-8578-D6E4C80A0435}.Release|x64.Build.0 = Release|x64
		{60757A89-A1A3-3C79-8578-D6E4C80A0435}.MinSizeRel|x64.ActiveCfg = MinSizeRel|x64
		{60757A89-A1A3-3C79-8578-D6E4C80A0435}.MinSizeRel|x64.Build.0 = MinSizeRel|x64
		{60757A89-A1A3-3C79-8578-D6E4C80A0435}.RelWithDebInfo|x64.ActiveCfg = RelWithDebInfo|x64
		{60757A89-A1A3-3C79-8578-D6E4C80A0435}.RelWithDebInfo|x64.Build.0 = RelWithDebInfo|x64
		{9CFBB81C-4D8F-36E6-9D20-CEE626B97359}.Debug|x64.ActiveCfg = Debug|x64
		{9CFBB81C-4D8F-36E6-9D20-CEE626B97359}.Debug|x64.Build.0 = Debug|x64
		{9CFBB81C-4D8F-36E6-9D20-CEE626B97359}.Release|x64.ActiveCfg = Release|x64
		{9CFBB81C-4D8F-36E6-9D20-CEE626B97359}.Release|x64.Build.0 = Release|x64
		{9CFBB81C-4D8F-36E6-9D20-CEE626B97359}.MinSizeRel|x64.ActiveCfg = MinSizeRel|x64
		{9CFBB81C-4D8F-36E6-9D20-CEE626B97359}.MinSizeRel|x64.Build.0 = MinSizeRel|x64
		{9CFBB81C-4D8F-36E6-9D20-CEE626B97359}.RelWithDebInfo|x64.ActiveCfg = RelWithDebInfo|x64
		{9CFBB81C-4D8F-36E6-9D20-CEE626B97359}.RelWithDebInfo|x64.Build.0 = RelWithDebInfo|x64
		{2E8C3D5A-0F34-320C-8415-270D0CFA645B}.Debug|x64.ActiveCfg = Debug|x64
		{2E8C3D5A-0F34-320C-8415-270D0CFA645B}.Debug|x64.Build.0 = Debug|x64
		{2E8C3D5A-0F34-320C-8415-270D0CFA645B}.Release|x64.ActiveCfg = Release|x64
		{2E8C3D5A-0F34-320C-8415-270D0CFA645B}.Release|x64.Build.0 = Release|x64
		{2E8C3D5A-0F34-320C-8415-270D0CFA645B}.MinSizeRel|x64.ActiveCfg = MinSizeRel|x64
		{2E8C3D5A-0F34-320C-8415-270D0CFA645B}.MinSizeRel|x64.Build.0 = MinSizeRel|x64
		{2E8C3D5A-0F34-320C-8415-270D0CFA645B}.RelWithDebInfo|x64.ActiveCfg = RelWithDebInfo|x64
		{2E8C3D5A-0F34-320C-8415-270D0CFA645B}.RelWithDebInfo|x64.Build.0 = RelWithDebInfo|x64
		{F3760DEB-B963-3DCF-8532-97816E4B6226}.Debug|x64.ActiveCfg = Debug|x64
		{F3760DEB-B963-3DCF-8532-97816E4B6226}.Debug|x64.Build.0 = Debug|x64
		{F3760DEB-B963-3DCF-8532-97816E4B6226}.Release|x64.ActiveCfg = Release|x64
		{F3760DEB-B963-3DCF-8532-97816E4B6226}.Release|x64.Build.0 = Release|x64
		{F3760DEB-B963-3DCF-8532-97816E4B6226}.MinSizeRel|x64.ActiveCfg = MinSizeRel|x64
		{F3760DEB-B963-3DCF-8532-97816E4B6226}.MinSizeRel|x64.Build.0 = MinSizeRel|x64
		{F3760DEB-B963-3DCF-8532-97816E4B6226}.RelWithDebInfo|x64.ActiveCfg = RelWithDebInfo|x64
		{F3760DEB-B963-3DCF-8532-97816E4B6226}.RelWithDebInfo|x64.Build.0 = RelWithDebInfo|x64
		{74E7BE13-707D-3771-8AD5-12EA05336ED7}.Debug|x64.ActiveCfg = Debug|x64
		{74E7BE13-707D-3771-8AD5-12EA05336ED7}.Debug|x64.Build.0 = Debug|x64
		{74E7BE13-707D-3771-8AD5-12EA05336ED7}.Release|x64.ActiveCfg = Release|x64
		{74E7BE13-707D-3771-8AD5-12EA05336ED7}.Release|x64.Build.0 = Release|x64
		{74E7BE13-707D-3771-8AD5-12EA05336ED7}.MinSizeRel|x64.ActiveCfg = MinSizeRel|x64
		{74E7BE13-707D-3771-8AD5-12EA05336ED7}.MinSizeRel|x64.Build.0 = MinSizeRel|x64
		{74E7BE13-707D-3771-8AD5-12EA05336ED7}.RelWithDebInfo|x64.ActiveCfg = RelWithDebInfo|x64
		{74E7BE13-707D-3771-8AD5-12EA05336ED7}.RelWithDebInfo|x64.Build.0 = RelWithDebInfo|x64
		{9143544C-5B72-35A2-8063-AC649203F7CF}.Debug|x64.ActiveCfg = Debug|x64
		{9143544C-5B72-35A2-8063-AC649203F7CF}.Debug|x64.Build.0 = Debug|x64
		{9143544C-5B72-35A2-8063-AC649203F7CF}.Release|x64.ActiveCfg = Release|x64
		{9143544C-5B72-35A2-8063-AC649203F7CF}.Release|x64.Build.0 = Release|x64
		{9143544C-5B72-35A2-8063-AC649203F7CF}.MinSizeRel|x64.ActiveCfg = MinSizeRel|x64
		{9143544C-5B72-35A2-8063-AC649203F7CF}.MinSizeRel|x64.Build.0 = MinSizeRel|x64
		{9143544C-5B72-35A2-8063-AC649203F7CF}.RelWithDebInfo|x64.ActiveCfg = RelWithDebInfo|x64
		{9143544C-5B72-35A2-8063-AC649203F7CF}.RelWithDebInfo|x64.Build.0 = RelWithDebInfo|x64
		{103ABFA8-0408-390F-AFF4-5779133C7CF9}.Debug|x64.ActiveCfg = Debug|x64
		{103ABFA8-0408-390F-AFF4-5779133C7CF9}.Debug|x64.Build.0 = Debug|x64
		{103ABFA8-0408-390F-AFF4-5779133C7CF9}.Release|x64.ActiveCfg = Release|x64
		{103ABFA8-0408-390F-AFF4-5779133C7CF9}.Release|x64.Build.0 = Release|x64
		{103ABFA8-0408-390F-AFF4-5779133C7CF9}.MinSizeRel|x64.ActiveCfg = MinSizeRel|x64
		{103ABFA8-0408-390F-AFF4-5779133C7CF9}.MinSizeRel|x64.Build.0 = MinSizeRel|x64
		{103ABFA8-0408-390F-AFF4-5779133C7CF9}.RelWithDebInfo|x64.ActiveCfg = RelWithDebInfo|x64
		{103ABFA8-0408-390F-AFF4-5779133C7CF9}.RelWithDebInfo|x64.Build.0 = RelWithDebInfo|x64
		{4A32884B-4B16-3064-9804-79E7E78E0D34}.Debug|x64.ActiveCfg = Debug|x64
		{4A32884B-4B16-3064-9804-79E7E78E0D34}.Debug|x64.Build.0 = Debug|x64
		{4A32884B-4B16-3064-9804-79E7E78E0D34}.Release|x64.ActiveCfg = Release|x64
		{4A32884B-4B16-3064-9804-79E7E78E0D34}.Release|x64.Build.0 = Release|x64
		{4A32884B-4B16-3064-9804-79E7E78E0D34}.MinSizeRel|x64.ActiveCfg = MinSizeRel|x64
		{4A32884B-4B16-3064-9804-79E7E78E0D34}.MinSizeRel|x64.Build.0 = MinSizeRel|x64
		{4A32884B-4B16-3064-9804-79E7E78E0D34}.RelWithDebInfo|x64.ActiveCfg = RelWithDebInfo|x64
		{4A32884B-4B16-3064-9804-79E7E78E0D34}.RelWithDebInfo|x64.Build.0 = RelWithDebInfo|x64
		{BA38A8B0-C7BA-38E4-9571-052F85CC90B4}.Debug|x64.ActiveCfg = Debug|x64
		{BA38A8B0-C7BA-38E4-9571-052F85CC90B4}.Debug|x64.Build.0 = Debug|x64
		{BA38A8B0-C7BA-38E4-9571-052F85CC90B4}.Release|x64.ActiveCfg = Release|x64
		{BA38A8B0-C7BA-38E4-9571-052F85CC90B4}.Release|x64.Build.0 = Release|x64
		{BA38A8B0-C7BA-38E4-9571-052F85CC90B4}.MinSizeRel|x64.ActiveCfg = MinSizeRel|x64
		{BA38A8B0-C7BA-38E4-9571-052F85CC90B4}.MinSizeRel|x64.Build.0 = MinSizeRel|x64
		{BA38A8B0-C7BA-38E4-9571-052F85CC90B4}.RelWithDebInfo|x64.ActiveCfg = RelWithDebInfo|x64
		{BA38A8B0-C7BA-38E4-9571-052F85CC90B4}.RelWithDebInfo|x64.Build.0 = RelWithDebInfo|x64
		{8B86A554-484A-311F-A244-B1300345F7FE}.Debug|x64.ActiveCfg = Debug|x64
		{8B86A554-484A-311F-A244-B1300345F7FE}.Debug|x64.Build.0 = Debug|x64
		{8B86A554-484A-311F-A244-B1300345F7FE}.Release|x64.ActiveCfg = Release|x64
		{8B86A554-484A-311F-A244-B1300345F7FE}.Release|x64.Build.0 = Release|x64
		{8B86A554-484A-311F-A244-B1300345F7FE}.MinSizeRel|x64.ActiveCfg = MinSizeRel|x64
		{8B86A554-484A-311F-A244-B1300345F7FE}.MinSizeRel|x64.Build.0 = MinSizeRel|x64
		{8B86A554-484A-311F-A244-B1300345F7FE}.RelWithDebInfo|x64.ActiveCfg = RelWithDebInfo|x64
		{8B86A554-484A-311F-A244-B1300345F7FE}.RelWithDebInfo|x64.Build.0 = RelWithDebInfo|x64
		{F19467E3-38CC-31B3-8F88-21E2BE8F98FD}.Debug|x64.ActiveCfg = Debug|x64
		{F19467E3-38CC-31B3-8F88-21E2BE8F98FD}.Debug|x64.Build.0 = Debug|x64
		{F19467E3-38CC-31B3-8F88-21E2BE8F98FD}.Release|x64.ActiveCfg = Release|x64
		{F19467E3-38CC-31B3-8F88-21E2BE8F98FD}.Release|x64.Build.0 = Release|x64
		{F19467E3-38CC-31B3-8F88-21E2BE8F98FD}.MinSizeRel|x64.ActiveCfg = MinSizeRel|x64
		{F19467E3-38CC-31B3-8F88-21E2BE8F98FD}.MinSizeRel|x64.Build.0 = MinSizeRel|x64
		{F19467E3-38CC-31B3-8F88-21E2BE8F98FD}.RelWithDebInfo|x64.ActiveCfg = RelWithDebInfo|x64
		{F19467E3-38CC-31B3-8F88-21E2BE8F98FD}.RelWithDebInfo|x64.Build.0 = RelWithDebInfo|x64
		{4E58FB62-9960-3290-A524-6143AFFC3D13}.Debug|x64.ActiveCfg = Debug|x64
		{4E58FB62-9960-3290-A524-6143AFFC3D13}.Debug|x64.Build.0 = Debug|x64
		{4E58FB62-9960-3290-A524-6143AFFC3D13}.Release|x64.ActiveCfg = Release|x64
		{4E58FB62-9960-3290-A524-6143AFFC3D13}.Release|x64.Build.0 = Release|x64
		{4E58FB62-9960-3290-A524-6143AFFC3D13}.MinSizeRel|x64.ActiveCfg = MinSizeRel|x64
		{4E58FB62-9960-3290-A524-6143AFFC3D13}.MinSizeRel|x64.Build.0 = MinSizeRel|x64
		{4E58FB62-9960-3290-A524-6143AFFC3D13}.RelWithDebInfo|x64.ActiveCfg = RelWithDebInfo|x64
		{4E58FB62-9960-3290-A524-6143AFFC3D13}.RelWithDebInfo|x64.Build.0 = RelWithDebInfo|x64
		{B32E5A71-C1C6-3EA9-BC3E-1E3010042CFD}.Debug|x64.ActiveCfg = Debug|x64
		{B32E5A71-C1C6-3EA9-BC3E-1E3010042CFD}.Debug|x64.Build.0 = Debug|x64
		{B32E5A71-C1C6-3EA9-BC3E-1E3010042CFD}.Release|x64.ActiveCfg = Release|x64
		{B32E5A71-C1C6-3EA9-BC3E-1E3010042CFD}.Release|x64.Build.0 = Release|x64
		{B32E5A71-C1C6-3EA9-BC3E-1E3010042CFD}.MinSizeRel|x64.ActiveCfg = MinSizeRel|x64
		{B32E5A71-C1C6-3EA9-BC3E-1E3010042CFD}.MinSizeRel|x64.Build.0 = MinSizeRel|x64
		{B32E5A71-C1C6-3EA9-BC3E-1E3010042CFD}.RelWithDebInfo|x64.ActiveCfg = RelWithDebInfo|x64
		{B32E5A71-C1C6-3EA9-BC3E-1E3010042CFD}.RelWithDebInfo|x64.Build.0 = RelWithDebInfo|x64
		{E3C4E6C5-E329-39CD-8390-98CD022DF103}.Debug|x64.ActiveCfg = Debug|x64
		{E3C4E6C5-E329-39CD-8390-98CD022DF103}.Debug|x64.Build.0 = Debug|x64
		{E3C4E6C5-E329-39CD-8390-98CD022DF103}.Release|x64.ActiveCfg = Release|x64
		{E3C4E6C5-E329-39CD-8390-98CD022DF103}.Release|x64.Build.0 = Release|x64
		{E3C4E6C5-E329-39CD-8390-98CD022DF103}.MinSizeRel|x64.ActiveCfg = MinSizeRel|x64
		{E3C4E6C5-E329-39CD-8390-98CD022DF103}.MinSizeRel|x64.Build.0 = MinSizeRel|x64
		{E3C4E6C5-E329-39CD-8390-98CD022DF103}.RelWithDebInfo|x64.ActiveCfg = RelWithDebInfo|x64
		{E3C4E6C5-E329-39CD-8390-98CD022DF103}.RelWithDebInfo|x64.Build.0 = RelWithDebInfo|x64
		{08A65A79-ACEB-3A1A-9DB5-1741F6D0EFAC}.Debug|x64.ActiveCfg = Debug|x64
		{08A65A79-ACEB-3A1A-9DB5-1741F6D0EFAC}.Debug|x64.Build.0 = Debug|x64
		{08A65A79-ACEB-3A1A-9DB5-1741F6D0EFAC}.Release|x64.ActiveCfg = Release|x64
		{08A65A79-ACEB-3A1A-9DB5-1741F6D0EFAC}.Release|x64.Build.0 = Release|x64
		{08A65A79-ACEB-3A1A-9DB5-1741F6D0EFAC}.MinSizeRel|x64.ActiveCfg = MinSizeRel|x64
		{08A65A79-ACEB-3A1A-9DB5-1741F6D0EFAC}.MinSizeRel|x64.Build.0 = MinSizeRel|x64
		{08A65A79-ACEB-3A1A-9DB5-1741F6D0EFAC}.RelWithDebInfo|x64.ActiveCfg = RelWithDebInfo|x64
		{08A65A79-ACEB-3A1A-9DB5-1741F6D0EFAC}.RelWithDebInfo|x64.Build.0 = RelWithDebInfo|x64
		{DC2748D4-3DF0-35C4-A920-37839E050E8D}.Debug|x64.ActiveCfg = Debug|x64
		{DC2748D4-3DF0-35C4-A920-37839E050E8D}.Debug|x64.Build.0 = Debug|x64
		{DC2748D4-3DF0-35C4-A920-37839E050E8D}.Release|x64.ActiveCfg = Release|x64
		{DC2748D4-3DF0-35C4-A920-37839E050E8D}.Release|x64.Build.0 = Release|x64
		{DC2748D4-3DF0-35C4-A920-37839E050E8D}.MinSizeRel|x64.ActiveCfg = MinSizeRel|x64
		{DC2748D4-3DF0-35C4-A920-37839E050E8D}.MinSizeRel|x64.Build.0 = MinSizeRel|x64
		{DC2748D4-3DF0-35C4-A920-37839E050E8D}.RelWithDebInfo|x64.ActiveCfg = RelWithDebInfo|x64
		{DC2748D4-3DF0-35C4-A920-37839E050E8D}.RelWithDebInfo|x64.Build.0 = RelWithDebInfo|x64
		{9CEE5F54-F29C-32D2-9731-B4F90C944A35}.Debug|x64.ActiveCfg = Debug|x64
		{9CEE5F54-F29C-32D2-9731-B4F90C944A35}.Debug|x64.Build.0 = Debug|x64
		{9CEE5F54-F29C-32D2-9731-B4F90C944A35}.Release|x64.ActiveCfg = Release|x64
		{9CEE5F54-F29C-32D2-9731-B4F90C944A35}.Release|x64.Build.0 = Release|x64
		{9CEE5F54-F29C-32D2-9731-B4F90C944A35}.MinSizeRel|x64.ActiveCfg = MinSizeRel|x64
		{9CEE5F54-F29C-32D2-9731-B4F90C944A35}.MinSizeRel|x64.Build.0 = MinSizeRel|x64
		{9CEE5F54-F29C-32D2-9731-B4F90C944A35}.RelWithDebInfo|x64.ActiveCfg = RelWithDebInfo|x64
		{9CEE5F54-F29C-32D2-9731-B4F90C944A35}.RelWithDebInfo|x64.Build.0 = RelWithDebInfo|x64
		{6969A406-F756-3F35-B61B-6EBBF25E2F20}.Debug|x64.ActiveCfg = Debug|x64
		{6969A406-F756-3F35-B61B-6EBBF25E2F20}.Debug|x64.Build.0 = Debug|x64
		{6969A406-F756-3F35-B61B-6EBBF25E2F20}.Release|x64.ActiveCfg = Release|x64
		{6969A406-F756-3F35-B61B-6EBBF25E2F20}.Release|x64.Build.0 = Release|x64
		{6969A406-F756-3F35-B61B-6EBBF25E2F20}.MinSizeRel|x64.ActiveCfg = MinSizeRel|x64
		{6969A406-F756-3F35-B61B-6EBBF25E2F20}.MinSizeRel|x64.Build.0 = MinSizeRel|x64
		{6969A406-F756-3F35-B61B-6EBBF25E2F20}.RelWithDebInfo|x64.ActiveCfg = RelWithDebInfo|x64
		{6969A406-F756-3F35-B61B-6EBBF25E2F20}.RelWithDebInfo|x64.Build.0 = RelWithDebInfo|x64
		{CCBD7EE0-D4A3-33FD-A4DD-205C42857FE8}.Debug|x64.ActiveCfg = Debug|x64
		{CCBD7EE0-D4A3-33FD-A4DD-205C42857FE8}.Debug|x64.Build.0 = Debug|x64
		{CCBD7EE0-D4A3-33FD-A4DD-205C42857FE8}.Release|x64.ActiveCfg = Release|x64
		{CCBD7EE0-D4A3-33FD-A4DD-205C42857FE8}.Release|x64.Build.0 = Release|x64
		{CCBD7EE0-D4A3-33FD-A4DD-205C42857FE8}.MinSizeRel|x64.ActiveCfg = MinSizeRel|x64
		{CCBD7EE0-D4A3-33FD-A4DD-205C42857FE8}.MinSizeRel|x64.Build.0 = MinSizeRel|x64
		{CCBD7EE0-D4A3-33FD-A4DD-205C42857FE8}.RelWithDebInfo|x64.ActiveCfg = RelWithDebInfo|x64
		{CCBD7EE0-D4A3-33FD-A4DD-205C42857FE8}.RelWithDebInfo|x64.Build.0 = RelWithDebInfo|x64
		{B29AFBE0-12B0-3E29-A3E7-2F78D0502F20}.Debug|x64.ActiveCfg = Debug|x64
		{B29AFBE0-12B0-3E29-A3E7-2F78D0502F20}.Debug|x64.Build.0 = Debug|x64
		{B29AFBE0-12B0-3E29-A3E7-2F78D0502F20}.Release|x64.ActiveCfg = Release|x64
		{B29AFBE0-12B0-3E29-A3E7-2F78D0502F20}.Release|x64.Build.0 = Release|x64
		{B29AFBE0-12B0-3E29-A3E7-2F78D0502F20}.MinSizeRel|x64.ActiveCfg = MinSizeRel|x64
		{B29AFBE0-12B0-3E29-A3E7-2F78D0502F20}.MinSizeRel|x64.Build.0 = MinSizeRel|x64
		{B29AFBE0-12B0-3E29-A3E7-2F78D0502F20}.RelWithDebInfo|x64.ActiveCfg = RelWithDebInfo|x64
		{B29AFBE0-12B0-3E29-A3E7-2F78D0502F20}.RelWithDebInfo|x64.Build.0 = RelWithDebInfo|x64
		{3C9C9377-9EB2-32F3-9A44-2CFBE325A1B3}.Debug|x64.ActiveCfg = Debug|x64
		{3C9C9377-9EB2-32F3-9A44-2CFBE325A1B3}.Debug|x64.Build.0 = Debug|x64
		{3C9C9377-9EB2-32F3-9A44-2CFBE325A1B3}.Release|x64.ActiveCfg = Release|x64
		{3C9C9377-9EB2-32F3-9A44-2CFBE325A1B3}.Release|x64.Build.0 = Release|x64
		{3C9C9377-9EB2-32F3-9A44-2CFBE325A1B3}.MinSizeRel|x64.ActiveCfg = MinSizeRel|x64
		{3C9C9377-9EB2-32F3-9A44-2CFBE325A1B3}.MinSizeRel|x64.Build.0 = MinSizeRel|x64
		{3C9C9377-9EB2-32F3-9A44-2CFBE325A1B3}.RelWithDebInfo|x64.ActiveCfg = RelWithDebInfo|x64
		{3C9C9377-9EB2-32F3-9A44-2CFBE325A1B3}.RelWithDebInfo|x64.Build.0 = RelWithDebInfo|x64
		{85812DD4-0C29-3F90-9406-E6CC481B80FC}.Debug|x64.ActiveCfg = Debug|x64
		{85812DD4-0C29-3F90-9406-E6CC481B80FC}.Debug|x64.Build.0 = Debug|x64
		{85812DD4-0C29-3F90-9406-E6CC481B80FC}.Release|x64.ActiveCfg = Release|x64
		{85812DD4-0C29-3F90-9406-E6CC481B80FC}.Release|x64.Build.0 = Release|x64
		{85812DD4-0C29-3F90-9406-E6CC481B80FC}.MinSizeRel|x64.ActiveCfg = MinSizeRel|x64
		{85812DD4-0C29-3F90-9406-E6CC481B80FC}.MinSizeRel|x64.Build.0 = MinSizeRel|x64
		{85812DD4-0C29-3F90-9406-E6CC481B80FC}.RelWithDebInfo|x64.ActiveCfg = RelWithDebInfo|x64
		{85812DD4-0C29-3F90-9406-E6CC481B80FC}.RelWithDebInfo|x64.Build.0 = RelWithDebInfo|x64
		{C6271C8B-BF06-3932-A58A-7574B6A0ED1D}.Debug|x64.ActiveCfg = Debug|x64
		{C6271C8B-BF06-3932-A58A-7574B6A0ED1D}.Debug|x64.Build.0 = Debug|x64
		{C6271C8B-BF06-3932-A58A-7574B6A0ED1D}.Release|x64.ActiveCfg = Release|x64
		{C6271C8B-BF06-3932-A58A-7574B6A0ED1D}.Release|x64.Build.0 = Release|x64
		{C6271C8B-BF06-3932-A58A-7574B6A0ED1D}.MinSizeRel|x64.ActiveCfg = MinSizeRel|x64
		{C6271C8B-BF06-3932-A58A-7574B6A0ED1D}.MinSizeRel|x64.Build.0 = MinSizeRel|x64
		{C6271C8B-BF06-3932-A58A-7574B6A0ED1D}.RelWithDebInfo|x64.ActiveCfg = RelWithDebInfo|x64
		{C6271C8B-BF06-3932-A58A-7574B6A0ED1D}.RelWithDebInfo|x64.Build.0 = RelWithDebInfo|x64
		{C9E6CA36-C417-3D5A-B8E8-6609E99A1CB5}.Debug|x64.ActiveCfg = Debug|x64
		{C9E6CA36-C417-3D5A-B8E8-6609E99A1CB5}.Debug|x64.Build.0 = Debug|x64
		{C9E6CA36-C417-3D5A-B8E8-6609E99A1CB5}.Release|x64.ActiveCfg = Release|x64
		{C9E6CA36-C417-3D5A-B8E8-6609E99A1CB5}.Release|x64.Build.0 = Release|x64
		{C9E6CA36-C417-3D5A-B8E8-6609E99A1CB5}.MinSizeRel|x64.ActiveCfg = MinSizeRel|x64
		{C9E6CA36-C417-3D5A-B8E8-6609E99A1CB5}.MinSizeRel|x64.Build.0 = MinSizeRel|x64
		{C9E6CA36-C417-3D5A-B8E8-6609E99A1CB5}.RelWithDebInfo|x64.ActiveCfg = RelWithDebInfo|x64
		{C9E6CA36-C417-3D5A-B8E8-6609E99A1CB5}.RelWithDebInfo|x64.Build.0 = RelWithDebInfo|x64
	EndGlobalSection
	GlobalSection(ExtensibilityGlobals) = postSolution
	EndGlobalSection
	GlobalSection(ExtensibilityAddIns) = postSolution
	EndGlobalSection
EndGlobal
